// !$*UTF8*$!
{
	archiveVersion = 1;
	classes = {
	};
	objectVersion = 50;
	objects = {

/* Begin PBXBuildFile section */
		4DE62FCA23FF143400A3781D /* AppDelegate.swift in Sources */ = {isa = PBXBuildFile; fileRef = 4DE62FC923FF143400A3781D /* AppDelegate.swift */; };
		4DE62FCC23FF143400A3781D /* SceneDelegate.swift in Sources */ = {isa = PBXBuildFile; fileRef = 4DE62FCB23FF143400A3781D /* SceneDelegate.swift */; };
		4DE62FCE23FF143400A3781D /* ViewController.swift in Sources */ = {isa = PBXBuildFile; fileRef = 4DE62FCD23FF143400A3781D /* ViewController.swift */; };
		4DE62FD123FF143400A3781D /* Main.storyboard in Resources */ = {isa = PBXBuildFile; fileRef = 4DE62FCF23FF143400A3781D /* Main.storyboard */; };
		4DE62FD323FF143600A3781D /* Assets.xcassets in Resources */ = {isa = PBXBuildFile; fileRef = 4DE62FD223FF143600A3781D /* Assets.xcassets */; };
		4DE62FD623FF143600A3781D /* LaunchScreen.storyboard in Resources */ = {isa = PBXBuildFile; fileRef = 4DE62FD423FF143600A3781D /* LaunchScreen.storyboard */; };
		4DE62FDE23FF241900A3781D /* TimerTableViewController.swift in Sources */ = {isa = PBXBuildFile; fileRef = 4DE62FDD23FF241900A3781D /* TimerTableViewController.swift */; };
		4DE62FE023FF248400A3781D /* TableViewCell.swift in Sources */ = {isa = PBXBuildFile; fileRef = 4DE62FDF23FF248400A3781D /* TableViewCell.swift */; };
		4DE62FE323FF308200A3781D /* hourglass.jpeg in Resources */ = {isa = PBXBuildFile; fileRef = 4DE62FE223FF308200A3781D /* hourglass.jpeg */; };
/* End PBXBuildFile section */

/* Begin PBXFileReference section */
		4DE62FC623FF143400A3781D /* LocalNotifications.app */ = {isa = PBXFileReference; explicitFileType = wrapper.application; includeInIndex = 0; path = LocalNotifications.app; sourceTree = BUILT_PRODUCTS_DIR; };
		4DE62FC923FF143400A3781D /* AppDelegate.swift */ = {isa = PBXFileReference; lastKnownFileType = sourcecode.swift; path = AppDelegate.swift; sourceTree = "<group>"; };
		4DE62FCB23FF143400A3781D /* SceneDelegate.swift */ = {isa = PBXFileReference; lastKnownFileType = sourcecode.swift; path = SceneDelegate.swift; sourceTree = "<group>"; };
		4DE62FCD23FF143400A3781D /* ViewController.swift */ = {isa = PBXFileReference; lastKnownFileType = sourcecode.swift; path = ViewController.swift; sourceTree = "<group>"; };
		4DE62FD023FF143400A3781D /* Base */ = {isa = PBXFileReference; lastKnownFileType = file.storyboard; name = Base; path = Base.lproj/Main.storyboard; sourceTree = "<group>"; };
		4DE62FD223FF143600A3781D /* Assets.xcassets */ = {isa = PBXFileReference; lastKnownFileType = folder.assetcatalog; path = Assets.xcassets; sourceTree = "<group>"; };
		4DE62FD523FF143600A3781D /* Base */ = {isa = PBXFileReference; lastKnownFileType = file.storyboard; name = Base; path = Base.lproj/LaunchScreen.storyboard; sourceTree = "<group>"; };
		4DE62FD723FF143600A3781D /* Info.plist */ = {isa = PBXFileReference; lastKnownFileType = text.plist.xml; path = Info.plist; sourceTree = "<group>"; };
		4DE62FDD23FF241900A3781D /* TimerTableViewController.swift */ = {isa = PBXFileReference; lastKnownFileType = sourcecode.swift; path = TimerTableViewController.swift; sourceTree = "<group>"; };
		4DE62FDF23FF248400A3781D /* TableViewCell.swift */ = {isa = PBXFileReference; lastKnownFileType = sourcecode.swift; path = TableViewCell.swift; sourceTree = "<group>"; };
		4DE62FE223FF308200A3781D /* hourglass.jpeg */ = {isa = PBXFileReference; lastKnownFileType = image.jpeg; name = hourglass.jpeg; path = ../../../../../../Desktop/images/hourglass.jpeg; sourceTree = "<group>"; };
		4DE62FE423FF308700A3781D /* hourglass.jpeg */ = {isa = PBXFileReference; lastKnownFileType = image.jpeg; path = hourglass.jpeg; sourceTree = "<group>"; };
/* End PBXFileReference section */

/* Begin PBXFrameworksBuildPhase section */
		4DE62FC323FF143400A3781D /* Frameworks */ = {
			isa = PBXFrameworksBuildPhase;
			buildActionMask = 2147483647;
			files = (
			);
			runOnlyForDeploymentPostprocessing = 0;
		};
/* End PBXFrameworksBuildPhase section */

/* Begin PBXGroup section */
		4DE62FBD23FF143400A3781D = {
			isa = PBXGroup;
			children = (
				4DE62FC823FF143400A3781D /* LocalNotifications */,
				4DE62FC723FF143400A3781D /* Products */,
			);
			sourceTree = "<group>";
		};
		4DE62FC723FF143400A3781D /* Products */ = {
			isa = PBXGroup;
			children = (
				4DE62FC623FF143400A3781D /* LocalNotifications.app */,
			);
			name = Products;
			sourceTree = "<group>";
		};
		4DE62FC823FF143400A3781D /* LocalNotifications */ = {
			isa = PBXGroup;
			children = (
				4DE62FC923FF143400A3781D /* AppDelegate.swift */,
				4DE62FCB23FF143400A3781D /* SceneDelegate.swift */,
				4DE62FCF23FF143400A3781D /* Main.storyboard */,
				4DE62FE123FF248700A3781D /* Controllers */,
				4DE62FD223FF143600A3781D /* Assets.xcassets */,
				4DE62FE423FF308700A3781D /* hourglass.jpeg */,
				4DE62FD423FF143600A3781D /* LaunchScreen.storyboard */,
				4DE62FD723FF143600A3781D /* Info.plist */,
			);
			path = LocalNotifications;
			sourceTree = "<group>";
		};
		4DE62FE123FF248700A3781D /* Controllers */ = {
			isa = PBXGroup;
			children = (
				4DE62FDF23FF248400A3781D /* TableViewCell.swift */,
				4DE62FDD23FF241900A3781D /* TimerTableViewController.swift */,
				4DE62FE223FF308200A3781D /* hourglass.jpeg */,
				4DE62FCD23FF143400A3781D /* ViewController.swift */,
			);
			path = Controllers;
			sourceTree = "<group>";
		};
/* End PBXGroup section */

/* Begin PBXNativeTarget section */
		4DE62FC523FF143400A3781D /* LocalNotifications */ = {
			isa = PBXNativeTarget;
			buildConfigurationList = 4DE62FDA23FF143600A3781D /* Build configuration list for PBXNativeTarget "LocalNotifications" */;
			buildPhases = (
				4DE62FC223FF143400A3781D /* Sources */,
				4DE62FC323FF143400A3781D /* Frameworks */,
				4DE62FC423FF143400A3781D /* Resources */,
			);
			buildRules = (
			);
			dependencies = (
			);
			name = LocalNotifications;
			productName = LocalNotifications;
			productReference = 4DE62FC623FF143400A3781D /* LocalNotifications.app */;
			productType = "com.apple.product-type.application";
		};
/* End PBXNativeTarget section */

/* Begin PBXProject section */
		4DE62FBE23FF143400A3781D /* Project object */ = {
			isa = PBXProject;
			attributes = {
				LastSwiftUpdateCheck = 1130;
				LastUpgradeCheck = 1130;
				ORGANIZATIONNAME = "Melinda Diaz";
				TargetAttributes = {
					4DE62FC523FF143400A3781D = {
						CreatedOnToolsVersion = 11.3.1;
					};
				};
			};
			buildConfigurationList = 4DE62FC123FF143400A3781D /* Build configuration list for PBXProject "LocalNotifications" */;
			compatibilityVersion = "Xcode 9.3";
			developmentRegion = en;
			hasScannedForEncodings = 0;
			knownRegions = (
				en,
				Base,
			);
			mainGroup = 4DE62FBD23FF143400A3781D;
			productRefGroup = 4DE62FC723FF143400A3781D /* Products */;
			projectDirPath = "";
			projectRoot = "";
			targets = (
				4DE62FC523FF143400A3781D /* LocalNotifications */,
			);
		};
/* End PBXProject section */

/* Begin PBXResourcesBuildPhase section */
		4DE62FC423FF143400A3781D /* Resources */ = {
			isa = PBXResourcesBuildPhase;
			buildActionMask = 2147483647;
			files = (
				4DE62FD623FF143600A3781D /* LaunchScreen.storyboard in Resources */,
				4DE62FD323FF143600A3781D /* Assets.xcassets in Resources */,
				4DE62FE323FF308200A3781D /* hourglass.jpeg in Resources */,
				4DE62FD123FF143400A3781D /* Main.storyboard in Resources */,
			);
			runOnlyForDeploymentPostprocessing = 0;
		};
/* End PBXResourcesBuildPhase section */

/* Begin PBXSourcesBuildPhase section */
		4DE62FC223FF143400A3781D /* Sources */ = {
			isa = PBXSourcesBuildPhase;
			buildActionMask = 2147483647;
			files = (
				4DE62FE023FF248400A3781D /* TableViewCell.swift in Sources */,
				4DE62FCE23FF143400A3781D /* ViewController.swift in Sources */,
				4DE62FDE23FF241900A3781D /* TimerTableViewController.swift in Sources */,
				4DE62FCA23FF143400A3781D /* AppDelegate.swift in Sources */,
				4DE62FCC23FF143400A3781D /* SceneDelegate.swift in Sources */,
			);
			runOnlyForDeploymentPostprocessing = 0;
		};
/* End PBXSourcesBuildPhase section */

/* Begin PBXVariantGroup section */
		4DE62FCF23FF143400A3781D /* Main.storyboard */ = {
			isa = PBXVariantGroup;
			children = (
				4DE62FD023FF143400A3781D /* Base */,
			);
			name = Main.storyboard;
			sourceTree = "<group>";
		};
		4DE62FD423FF143600A3781D /* LaunchScreen.storyboard */ = {
			isa = PBXVariantGroup;
			children = (
				4DE62FD523FF143600A3781D /* Base */,
			);
			name = LaunchScreen.storyboard;
			sourceTree = "<group>";
		};
/* End PBXVariantGroup section */

/* Begin XCBuildConfiguration section */
		4DE62FD823FF143600A3781D /* Debug */ = {
			isa = XCBuildConfiguration;
			buildSettings = {
				ALWAYS_SEARCH_USER_PATHS = NO;
				CLANG_ANALYZER_NONNULL = YES;
				CLANG_ANALYZER_NUMBER_OBJECT_CONVERSION = YES_AGGRESSIVE;
				CLANG_CXX_LANGUAGE_STANDARD = "gnu++14";
				CLANG_CXX_LIBRARY = "libc++";
				CLANG_ENABLE_MODULES = YES;
				CLANG_ENABLE_OBJC_ARC = YES;
				CLANG_ENABLE_OBJC_WEAK = YES;
				CLANG_WARN_BLOCK_CAPTURE_AUTORELEASING = YES;
				CLANG_WARN_BOOL_CONVERSION = YES;
				CLANG_WARN_COMMA = YES;
				CLANG_WARN_CONSTANT_CONVERSION = YES;
				CLANG_WARN_DEPRECATED_OBJC_IMPLEMENTATIONS = YES;
				CLANG_WARN_DIRECT_OBJC_ISA_USAGE = YES_ERROR;
				CLANG_WARN_DOCUMENTATION_COMMENTS = YES;
				CLANG_WARN_EMPTY_BODY = YES;
				CLANG_WARN_ENUM_CONVERSION = YES;
				CLANG_WARN_INFINITE_RECURSION = YES;
				CLANG_WARN_INT_CONVERSION = YES;
				CLANG_WARN_NON_LITERAL_NULL_CONVERSION = YES;
				CLANG_WARN_OBJC_IMPLICIT_RETAIN_SELF = YES;
				CLANG_WARN_OBJC_LITERAL_CONVERSION = YES;
				CLANG_WARN_OBJC_ROOT_CLASS = YES_ERROR;
				CLANG_WARN_RANGE_LOOP_ANALYSIS = YES;
				CLANG_WARN_STRICT_PROTOTYPES = YES;
				CLANG_WARN_SUSPICIOUS_MOVE = YES;
				CLANG_WARN_UNGUARDED_AVAILABILITY = YES_AGGRESSIVE;
				CLANG_WARN_UNREACHABLE_CODE = YES;
				CLANG_WARN__DUPLICATE_METHOD_MATCH = YES;
				COPY_PHASE_STRIP = NO;
				DEBUG_INFORMATION_FORMAT = dwarf;
				ENABLE_STRICT_OBJC_MSGSEND = YES;
				ENABLE_TESTABILITY = YES;
				GCC_C_LANGUAGE_STANDARD = gnu11;
				GCC_DYNAMIC_NO_PIC = NO;
				GCC_NO_COMMON_BLOCKS = YES;
				GCC_OPTIMIZATION_LEVEL = 0;
				GCC_PREPROCESSOR_DEFINITIONS = (
					"DEBUG=1",
					"$(inherited)",
				);
				GCC_WARN_64_TO_32_BIT_CONVERSION = YES;
				GCC_WARN_ABOUT_RETURN_TYPE = YES_ERROR;
				GCC_WARN_UNDECLARED_SELECTOR = YES;
				GCC_WARN_UNINITIALIZED_AUTOS = YES_AGGRESSIVE;
				GCC_WARN_UNUSED_FUNCTION = YES;
				GCC_WARN_UNUSED_VARIABLE = YES;
				IPHONEOS_DEPLOYMENT_TARGET = 13.2;
				MTL_ENABLE_DEBUG_INFO = INCLUDE_SOURCE;
				MTL_FAST_MATH = YES;
				ONLY_ACTIVE_ARCH = YES;
				SDKROOT = iphoneos;
				SWIFT_ACTIVE_COMPILATION_CONDITIONS = DEBUG;
				SWIFT_OPTIMIZATION_LEVEL = "-Onone";
			};
			name = Debug;
		};
		4DE62FD923FF143600A3781D /* Release */ = {
			isa = XCBuildConfiguration;
			buildSettings = {
				ALWAYS_SEARCH_USER_PATHS = NO;
				CLANG_ANALYZER_NONNULL = YES;
				CLANG_ANALYZER_NUMBER_OBJECT_CONVERSION = YES_AGGRESSIVE;
				CLANG_CXX_LANGUAGE_STANDARD = "gnu++14";
				CLANG_CXX_LIBRARY = "libc++";
				CLANG_ENABLE_MODULES = YES;
				CLANG_ENABLE_OBJC_ARC = YES;
				CLANG_ENABLE_OBJC_WEAK = YES;
				CLANG_WARN_BLOCK_CAPTURE_AUTORELEASING = YES;
				CLANG_WARN_BOOL_CONVERSION = YES;
				CLANG_WARN_COMMA = YES;
				CLANG_WARN_CONSTANT_CONVERSION = YES;
				CLANG_WARN_DEPRECATED_OBJC_IMPLEMENTATIONS = YES;
				CLANG_WARN_DIRECT_OBJC_ISA_USAGE = YES_ERROR;
				CLANG_WARN_DOCUMENTATION_COMMENTS = YES;
				CLANG_WARN_EMPTY_BODY = YES;
				CLANG_WARN_ENUM_CONVERSION = YES;
				CLANG_WARN_INFINITE_RECURSION = YES;
				CLANG_WARN_INT_CONVERSION = YES;
				CLANG_WARN_NON_LITERAL_NULL_CONVERSION = YES;
				CLANG_WARN_OBJC_IMPLICIT_RETAIN_SELF = YES;
				CLANG_WARN_OBJC_LITERAL_CONVERSION = YES;
				CLANG_WARN_OBJC_ROOT_CLASS = YES_ERROR;
				CLANG_WARN_RANGE_LOOP_ANALYSIS = YES;
				CLANG_WARN_STRICT_PROTOTYPES = YES;
				CLANG_WARN_SUSPICIOUS_MOVE = YES;
				CLANG_WARN_UNGUARDED_AVAILABILITY = YES_AGGRESSIVE;
				CLANG_WARN_UNREACHABLE_CODE = YES;
				CLANG_WARN__DUPLICATE_METHOD_MATCH = YES;
				COPY_PHASE_STRIP = NO;
				DEBUG_INFORMATION_FORMAT = "dwarf-with-dsym";
				ENABLE_NS_ASSERTIONS = NO;
				ENABLE_STRICT_OBJC_MSGSEND = YES;
				GCC_C_LANGUAGE_STANDARD = gnu11;
				GCC_NO_COMMON_BLOCKS = YES;
				GCC_WARN_64_TO_32_BIT_CONVERSION = YES;
				GCC_WARN_ABOUT_RETURN_TYPE = YES_ERROR;
				GCC_WARN_UNDECLARED_SELECTOR = YES;
				GCC_WARN_UNINITIALIZED_AUTOS = YES_AGGRESSIVE;
				GCC_WARN_UNUSED_FUNCTION = YES;
				GCC_WARN_UNUSED_VARIABLE = YES;
				IPHONEOS_DEPLOYMENT_TARGET = 13.2;
				MTL_ENABLE_DEBUG_INFO = NO;
				MTL_FAST_MATH = YES;
				SDKROOT = iphoneos;
				SWIFT_COMPILATION_MODE = wholemodule;
				SWIFT_OPTIMIZATION_LEVEL = "-O";
				VALIDATE_PRODUCT = YES;
			};
			name = Release;
		};
		4DE62FDB23FF143600A3781D /* Debug */ = {
			isa = XCBuildConfiguration;
			buildSettings = {
				ASSETCATALOG_COMPILER_APPICON_NAME = AppIcon;
				CODE_SIGN_STYLE = Automatic;
				DEVELOPMENT_TEAM = M4Q46HX6W5;
				INFOPLIST_FILE = LocalNotifications/Info.plist;
				LD_RUNPATH_SEARCH_PATHS = (
					"$(inherited)",
					"@executable_path/Frameworks",
				);
				PRODUCT_BUNDLE_IDENTIFIER = com.melinda.LocalNotifications;
				PRODUCT_NAME = "$(TARGET_NAME)";
				SWIFT_VERSION = 5.0;
				TARGETED_DEVICE_FAMILY = "1,2";
			};
			name = Debug;
		};
		4DE62FDC23FF143600A3781D /* Release */ = {
			isa = XCBuildConfiguration;
			buildSettings = {
				ASSETCATALOG_COMPILER_APPICON_NAME = AppIcon;
				CODE_SIGN_STYLE = Automatic;
				DEVELOPMENT_TEAM = M4Q46HX6W5;
				INFOPLIST_FILE = LocalNotifications/Info.plist;
				LD_RUNPATH_SEARCH_PATHS = (
					"$(inherited)",
					"@executable_path/Frameworks",
				);
				PRODUCT_BUNDLE_IDENTIFIER = com.melinda.LocalNotifications;
				PRODUCT_NAME = "$(TARGET_NAME)";
				SWIFT_VERSION = 5.0;
				TARGETED_DEVICE_FAMILY = "1,2";
			};
			name = Release;
		};
/* End XCBuildConfiguration section */

/* Begin XCConfigurationList section */
		4DE62FC123FF143400A3781D /* Build configuration list for PBXProject "LocalNotifications" */ = {
			isa = XCConfigurationList;
			buildConfigurations = (
				4DE62FD823FF143600A3781D /* Debug */,
				4DE62FD923FF143600A3781D /* Release */,
			);
			defaultConfigurationIsVisible = 0;
			defaultConfigurationName = Release;
		};
		4DE62FDA23FF143600A3781D /* Build configuration list for PBXNativeTarget "LocalNotifications" */ = {
			isa = XCConfigurationList;
			buildConfigurations = (
				4DE62FDB23FF143600A3781D /* Debug */,
				4DE62FDC23FF143600A3781D /* Release */,
			);
			defaultConfigurationIsVisible = 0;
			defaultConfigurationName = Release;
		};
/* End XCConfigurationList section */
	};
	rootObject = 4DE62FBE23FF143400A3781D /* Project object */;
}
